
Microsoft Visual Studio Solution File, Format Version 12.00
# Visual Studio Version 17
VisualStudioVersion = 17.11.35303.130
MinimumVisualStudioVersion = 10.0.40219.1
Project("{9A19103F-16F7-4668-BE54-9A1E7A4F7556}") = "EFCoreAnima", "EFCoreAnima.csproj", "{AA82F532-D05E-4AE9-A43C-5094141E4E2B}"
EndProject
Global
	GlobalSection(SolutionConfigurationPlatforms) = preSolution
		Debug|Any CPU = Debug|Any CPU
		Release|Any CPU = Release|Any CPU
	EndGlobalSection
	GlobalSection(ProjectConfigurationPlatforms) = postSolution
		{AA82F532-D05E-4AE9-A43C-5094141E4E2B}.Debug|Any CPU.ActiveCfg = Debug|Any CPU
		{AA82F532-D05E-4AE9-A43C-5094141E4E2B}.Debug|Any CPU.Build.0 = Debug|Any CPU
		{AA82F532-D05E-4AE9-A43C-5094141E4E2B}.Release|Any CPU.ActiveCfg = Release|Any CPU
		{AA82F532-D05E-4AE9-A43C-5094141E4E2B}.Release|Any CPU.Build.0 = Release|Any CPU
	EndGlobalSection
	GlobalSection(SolutionProperties) = preSolution
		HideSolutionNode = FALSE
	EndGlobalSection
	GlobalSection(ExtensibilityGlobals) = postSolution
		SolutionGuid = {89A82795-E2E1-4B2F-8301-23F203287AC7}
	EndGlobalSection
EndGlobal
